// !$*UTF8*$!
{
	archiveVersion = 1;
	classes = {
	};
	objectVersion = 48;
	objects = {

/* Begin PBXBuildFile section */
		6804E867206DC1DD00CFD849 /* AppDelegate.swift in Sources */ = {isa = PBXBuildFile; fileRef = 6804E866206DC1DD00CFD849 /* AppDelegate.swift */; };
		6804E869206DC1DD00CFD849 /* ViewController.swift in Sources */ = {isa = PBXBuildFile; fileRef = 6804E868206DC1DD00CFD849 /* ViewController.swift */; };
		6804E86C206DC1DD00CFD849 /* Main.storyboard in Resources */ = {isa = PBXBuildFile; fileRef = 6804E86A206DC1DD00CFD849 /* Main.storyboard */; };
		6804E86F206DC1DD00CFD849 /* coreDataSecd.xcdatamodeld in Sources */ = {isa = PBXBuildFile; fileRef = 6804E86D206DC1DD00CFD849 /* coreDataSecd.xcdatamodeld */; };
		6804E871206DC1DD00CFD849 /* Assets.xcassets in Resources */ = {isa = PBXBuildFile; fileRef = 6804E870206DC1DD00CFD849 /* Assets.xcassets */; };
		6804E874206DC1DD00CFD849 /* LaunchScreen.storyboard in Resources */ = {isa = PBXBuildFile; fileRef = 6804E872206DC1DD00CFD849 /* LaunchScreen.storyboard */; };
		6804E87F206DC1DE00CFD849 /* coreDataSecdTests.swift in Sources */ = {isa = PBXBuildFile; fileRef = 6804E87E206DC1DE00CFD849 /* coreDataSecdTests.swift */; };
		6804E88A206DC1DE00CFD849 /* coreDataSecdUITests.swift in Sources */ = {isa = PBXBuildFile; fileRef = 6804E889206DC1DE00CFD849 /* coreDataSecdUITests.swift */; };
		6804E89C206DCAD600CFD849 /* detailViewController.swift in Sources */ = {isa = PBXBuildFile; fileRef = 6804E89B206DCAD600CFD849 /* detailViewController.swift */; };
		6804E89E206DCAED00CFD849 /* myViewController.swift in Sources */ = {isa = PBXBuildFile; fileRef = 6804E89D206DCAED00CFD849 /* myViewController.swift */; };
		6804E8A0206DCCB000CFD849 /* showCell.swift in Sources */ = {isa = PBXBuildFile; fileRef = 6804E89F206DCCB000CFD849 /* showCell.swift */; };
		6804E8A2206DD59C00CFD849 /* model.swift in Sources */ = {isa = PBXBuildFile; fileRef = 6804E8A1206DD59C00CFD849 /* model.swift */; };
/* End PBXBuildFile section */

/* Begin PBXContainerItemProxy section */
		6804E87B206DC1DE00CFD849 /* PBXContainerItemProxy */ = {
			isa = PBXContainerItemProxy;
			containerPortal = 6804E85B206DC1DD00CFD849 /* Project object */;
			proxyType = 1;
			remoteGlobalIDString = 6804E862206DC1DD00CFD849;
			remoteInfo = coreDataSecd;
		};
		6804E886206DC1DE00CFD849 /* PBXContainerItemProxy */ = {
			isa = PBXContainerItemProxy;
			containerPortal = 6804E85B206DC1DD00CFD849 /* Project object */;
			proxyType = 1;
			remoteGlobalIDString = 6804E862206DC1DD00CFD849;
			remoteInfo = coreDataSecd;
		};
/* End PBXContainerItemProxy section */

/* Begin PBXFileReference section */
		6804E863206DC1DD00CFD849 /* coreDataSecd.app */ = {isa = PBXFileReference; explicitFileType = wrapper.application; includeInIndex = 0; path = coreDataSecd.app; sourceTree = BUILT_PRODUCTS_DIR; };
		6804E866206DC1DD00CFD849 /* AppDelegate.swift */ = {isa = PBXFileReference; lastKnownFileType = sourcecode.swift; path = AppDelegate.swift; sourceTree = "<group>"; };
		6804E868206DC1DD00CFD849 /* ViewController.swift */ = {isa = PBXFileReference; lastKnownFileType = sourcecode.swift; path = ViewController.swift; sourceTree = "<group>"; };
		6804E86B206DC1DD00CFD849 /* Base */ = {isa = PBXFileReference; lastKnownFileType = file.storyboard; name = Base; path = Base.lproj/Main.storyboard; sourceTree = "<group>"; };
		6804E86E206DC1DD00CFD849 /* coreDataSecd.xcdatamodel */ = {isa = PBXFileReference; lastKnownFileType = wrapper.xcdatamodel; path = coreDataSecd.xcdatamodel; sourceTree = "<group>"; };
		6804E870206DC1DD00CFD849 /* Assets.xcassets */ = {isa = PBXFileReference; lastKnownFileType = folder.assetcatalog; path = Assets.xcassets; sourceTree = "<group>"; };
		6804E873206DC1DD00CFD849 /* Base */ = {isa = PBXFileReference; lastKnownFileType = file.storyboard; name = Base; path = Base.lproj/LaunchScreen.storyboard; sourceTree = "<group>"; };
		6804E875206DC1DD00CFD849 /* Info.plist */ = {isa = PBXFileReference; lastKnownFileType = text.plist.xml; path = Info.plist; sourceTree = "<group>"; };
		6804E87A206DC1DE00CFD849 /* coreDataSecdTests.xctest */ = {isa = PBXFileReference; explicitFileType = wrapper.cfbundle; includeInIndex = 0; path = coreDataSecdTests.xctest; sourceTree = BUILT_PRODUCTS_DIR; };
		6804E87E206DC1DE00CFD849 /* coreDataSecdTests.swift */ = {isa = PBXFileReference; lastKnownFileType = sourcecode.swift; path = coreDataSecdTests.swift; sourceTree = "<group>"; };
		6804E880206DC1DE00CFD849 /* Info.plist */ = {isa = PBXFileReference; lastKnownFileType = text.plist.xml; path = Info.plist; sourceTree = "<group>"; };
		6804E885206DC1DE00CFD849 /* coreDataSecdUITests.xctest */ = {isa = PBXFileReference; explicitFileType = wrapper.cfbundle; includeInIndex = 0; path = coreDataSecdUITests.xctest; sourceTree = BUILT_PRODUCTS_DIR; };
		6804E889206DC1DE00CFD849 /* coreDataSecdUITests.swift */ = {isa = PBXFileReference; lastKnownFileType = sourcecode.swift; path = coreDataSecdUITests.swift; sourceTree = "<group>"; };
		6804E88B206DC1DE00CFD849 /* Info.plist */ = {isa = PBXFileReference; lastKnownFileType = text.plist.xml; path = Info.plist; sourceTree = "<group>"; };
		6804E89B206DCAD600CFD849 /* detailViewController.swift */ = {isa = PBXFileReference; lastKnownFileType = sourcecode.swift; path = detailViewController.swift; sourceTree = "<group>"; };
		6804E89D206DCAED00CFD849 /* myViewController.swift */ = {isa = PBXFileReference; lastKnownFileType = sourcecode.swift; path = myViewController.swift; sourceTree = "<group>"; };
		6804E89F206DCCB000CFD849 /* showCell.swift */ = {isa = PBXFileReference; lastKnownFileType = sourcecode.swift; path = showCell.swift; sourceTree = "<group>"; };
		6804E8A1206DD59C00CFD849 /* model.swift */ = {isa = PBXFileReference; lastKnownFileType = sourcecode.swift; path = model.swift; sourceTree = "<group>"; };
/* End PBXFileReference section */

/* Begin PBXFrameworksBuildPhase section */
		6804E860206DC1DD00CFD849 /* Frameworks */ = {
			isa = PBXFrameworksBuildPhase;
			buildActionMask = 2147483647;
			files = (
			);
			runOnlyForDeploymentPostprocessing = 0;
		};
		6804E877206DC1DE00CFD849 /* Frameworks */ = {
			isa = PBXFrameworksBuildPhase;
			buildActionMask = 2147483647;
			files = (
			);
			runOnlyForDeploymentPostprocessing = 0;
		};
		6804E882206DC1DE00CFD849 /* Frameworks */ = {
			isa = PBXFrameworksBuildPhase;
			buildActionMask = 2147483647;
			files = (
			);
			runOnlyForDeploymentPostprocessing = 0;
		};
/* End PBXFrameworksBuildPhase section */

/* Begin PBXGroup section */
		6804E85A206DC1DD00CFD849 = {
			isa = PBXGroup;
			children = (
				6804E865206DC1DD00CFD849 /* coreDataSecd */,
				6804E87D206DC1DE00CFD849 /* coreDataSecdTests */,
				6804E888206DC1DE00CFD849 /* coreDataSecdUITests */,
				6804E864206DC1DD00CFD849 /* Products */,
			);
			sourceTree = "<group>";
		};
		6804E864206DC1DD00CFD849 /* Products */ = {
			isa = PBXGroup;
			children = (
				6804E863206DC1DD00CFD849 /* coreDataSecd.app */,
				6804E87A206DC1DE00CFD849 /* coreDataSecdTests.xctest */,
				6804E885206DC1DE00CFD849 /* coreDataSecdUITests.xctest */,
			);
			name = Products;
			sourceTree = "<group>";
		};
		6804E865206DC1DD00CFD849 /* coreDataSecd */ = {
			isa = PBXGroup;
			children = (
				682542AB2245DEBA007E6DCF /* MainVC */,
				6804E866206DC1DD00CFD849 /* AppDelegate.swift */,
				6804E868206DC1DD00CFD849 /* ViewController.swift */,
				6804E86A206DC1DD00CFD849 /* Main.storyboard */,
				6804E870206DC1DD00CFD849 /* Assets.xcassets */,
				6804E872206DC1DD00CFD849 /* LaunchScreen.storyboard */,
				6804E875206DC1DD00CFD849 /* Info.plist */,
				6804E86D206DC1DD00CFD849 /* coreDataSecd.xcdatamodeld */,
				6804E89B206DCAD600CFD849 /* detailViewController.swift */,
				6804E89D206DCAED00CFD849 /* myViewController.swift */,
				6804E89F206DCCB000CFD849 /* showCell.swift */,
				6804E8A1206DD59C00CFD849 /* model.swift */,
			);
			path = coreDataSecd;
			sourceTree = "<group>";
		};
		6804E87D206DC1DE00CFD849 /* coreDataSecdTests */ = {
			isa = PBXGroup;
			children = (
				6804E87E206DC1DE00CFD849 /* coreDataSecdTests.swift */,
				6804E880206DC1DE00CFD849 /* Info.plist */,
			);
			path = coreDataSecdTests;
			sourceTree = "<group>";
		};
		6804E888206DC1DE00CFD849 /* coreDataSecdUITests */ = {
			isa = PBXGroup;
			children = (
				6804E889206DC1DE00CFD849 /* coreDataSecdUITests.swift */,
				6804E88B206DC1DE00CFD849 /* Info.plist */,
			);
			path = coreDataSecdUITests;
			sourceTree = "<group>";
		};
		682542AB2245DEBA007E6DCF /* MainVC */ = {
			isa = PBXGroup;
			children = (
			);
			path = MainVC;
			sourceTree = "<group>";
		};
/* End PBXGroup section */

/* Begin PBXNativeTarget section */
		6804E862206DC1DD00CFD849 /* coreDataSecd */ = {
			isa = PBXNativeTarget;
			buildConfigurationList = 6804E88E206DC1DE00CFD849 /* Build configuration list for PBXNativeTarget "coreDataSecd" */;
			buildPhases = (
				6804E85F206DC1DD00CFD849 /* Sources */,
				6804E860206DC1DD00CFD849 /* Frameworks */,
				6804E861206DC1DD00CFD849 /* Resources */,
			);
			buildRules = (
			);
			dependencies = (
			);
			name = coreDataSecd;
			productName = coreDataSecd;
			productReference = 6804E863206DC1DD00CFD849 /* coreDataSecd.app */;
			productType = "com.apple.product-type.application";
		};
		6804E879206DC1DE00CFD849 /* coreDataSecdTests */ = {
			isa = PBXNativeTarget;
			buildConfigurationList = 6804E891206DC1DE00CFD849 /* Build configuration list for PBXNativeTarget "coreDataSecdTests" */;
			buildPhases = (
				6804E876206DC1DE00CFD849 /* Sources */,
				6804E877206DC1DE00CFD849 /* Frameworks */,
				6804E878206DC1DE00CFD849 /* Resources */,
			);
			buildRules = (
			);
			dependencies = (
				6804E87C206DC1DE00CFD849 /* PBXTargetDependency */,
			);
			name = coreDataSecdTests;
			productName = coreDataSecdTests;
			productReference = 6804E87A206DC1DE00CFD849 /* coreDataSecdTests.xctest */;
			productType = "com.apple.product-type.bundle.unit-test";
		};
		6804E884206DC1DE00CFD849 /* coreDataSecdUITests */ = {
			isa = PBXNativeTarget;
			buildConfigurationList = 6804E894206DC1DE00CFD849 /* Build configuration list for PBXNativeTarget "coreDataSecdUITests" */;
			buildPhases = (
				6804E881206DC1DE00CFD849 /* Sources */,
				6804E882206DC1DE00CFD849 /* Frameworks */,
				6804E883206DC1DE00CFD849 /* Resources */,
			);
			buildRules = (
			);
			dependencies = (
				6804E887206DC1DE00CFD849 /* PBXTargetDependency */,
			);
			name = coreDataSecdUITests;
			productName = coreDataSecdUITests;
			productReference = 6804E885206DC1DE00CFD849 /* coreDataSecdUITests.xctest */;
			productType = "com.apple.product-type.bundle.ui-testing";
		};
/* End PBXNativeTarget section */

/* Begin PBXProject section */
		6804E85B206DC1DD00CFD849 /* Project object */ = {
			isa = PBXProject;
			attributes = {
				LastSwiftUpdateCheck = 0900;
				LastUpgradeCheck = 0900;
				ORGANIZATIONNAME = shuang;
				TargetAttributes = {
					6804E862206DC1DD00CFD849 = {
						CreatedOnToolsVersion = 9.0.1;
						ProvisioningStyle = Automatic;
					};
					6804E879206DC1DE00CFD849 = {
						CreatedOnToolsVersion = 9.0.1;
						ProvisioningStyle = Automatic;
						TestTargetID = 6804E862206DC1DD00CFD849;
					};
					6804E884206DC1DE00CFD849 = {
						CreatedOnToolsVersion = 9.0.1;
						ProvisioningStyle = Automatic;
						TestTargetID = 6804E862206DC1DD00CFD849;
					};
				};
			};
			buildConfigurationList = 6804E85E206DC1DD00CFD849 /* Build configuration list for PBXProject "coreDataSecd" */;
			compatibilityVersion = "Xcode 8.0";
			developmentRegion = en;
			hasScannedForEncodings = 0;
			knownRegions = (
				en,
				Base,
			);
			mainGroup = 6804E85A206DC1DD00CFD849;
			productRefGroup = 6804E864206DC1DD00CFD849 /* Products */;
			projectDirPath = "";
			projectRoot = "";
			targets = (
				6804E862206DC1DD00CFD849 /* coreDataSecd */,
				6804E879206DC1DE00CFD849 /* coreDataSecdTests */,
				6804E884206DC1DE00CFD849 /* coreDataSecdUITests */,
			);
		};
/* End PBXProject section */

/* Begin PBXResourcesBuildPhase section */
		6804E861206DC1DD00CFD849 /* Resources */ = {
			isa = PBXResourcesBuildPhase;
			buildActionMask = 2147483647;
			files = (
				6804E874206DC1DD00CFD849 /* LaunchScreen.storyboard in Resources */,
				6804E871206DC1DD00CFD849 /* Assets.xcassets in Resources */,
				6804E86C206DC1DD00CFD849 /* Main.storyboard in Resources */,
			);
			runOnlyForDeploymentPostprocessing = 0;
		};
		6804E878206DC1DE00CFD849 /* Resources */ = {
			isa = PBXResourcesBuildPhase;
			buildActionMask = 2147483647;
			files = (
			);
			runOnlyForDeploymentPostprocessing = 0;
		};
		6804E883206DC1DE00CFD849 /* Resources */ = {
			isa = PBXResourcesBuildPhase;
			buildActionMask = 2147483647;
			files = (
			);
			runOnlyForDeploymentPostprocessing = 0;
		};
/* End PBXResourcesBuildPhase section */

/* Begin PBXSourcesBuildPhase section */
		6804E85F206DC1DD00CFD849 /* Sources */ = {
			isa = PBXSourcesBuildPhase;
			buildActionMask = 2147483647;
			files = (
				6804E86F206DC1DD00CFD849 /* coreDataSecd.xcdatamodeld in Sources */,
				6804E869206DC1DD00CFD849 /* ViewController.swift in Sources */,
				6804E89C206DCAD600CFD849 /* detailViewController.swift in Sources */,
				6804E89E206DCAED00CFD849 /* myViewController.swift in Sources */,
				6804E8A0206DCCB000CFD849 /* showCell.swift in Sources */,
				6804E8A2206DD59C00CFD849 /* model.swift in Sources */,
				6804E867206DC1DD00CFD849 /* AppDelegate.swift in Sources */,
			);
			runOnlyForDeploymentPostprocessing = 0;
		};
		6804E876206DC1DE00CFD849 /* Sources */ = {
			isa = PBXSourcesBuildPhase;
			buildActionMask = 2147483647;
			files = (
				6804E87F206DC1DE00CFD849 /* coreDataSecdTests.swift in Sources */,
			);
			runOnlyForDeploymentPostprocessing = 0;
		};
		6804E881206DC1DE00CFD849 /* Sources */ = {
			isa = PBXSourcesBuildPhase;
			buildActionMask = 2147483647;
			files = (
				6804E88A206DC1DE00CFD849 /* coreDataSecdUITests.swift in Sources */,
			);
			runOnlyForDeploymentPostprocessing = 0;
		};
/* End PBXSourcesBuildPhase section */

/* Begin PBXTargetDependency section */
		6804E87C206DC1DE00CFD849 /* PBXTargetDependency */ = {
			isa = PBXTargetDependency;
			target = 6804E862206DC1DD00CFD849 /* coreDataSecd */;
			targetProxy = 6804E87B206DC1DE00CFD849 /* PBXContainerItemProxy */;
		};
		6804E887206DC1DE00CFD849 /* PBXTargetDependency */ = {
			isa = PBXTargetDependency;
			target = 6804E862206DC1DD00CFD849 /* coreDataSecd */;
			targetProxy = 6804E886206DC1DE00CFD849 /* PBXContainerItemProxy */;
		};
/* End PBXTargetDependency section */

/* Begin PBXVariantGroup section */
		6804E86A206DC1DD00CFD849 /* Main.storyboard */ = {
			isa = PBXVariantGroup;
			children = (
				6804E86B206DC1DD00CFD849 /* Base */,
			);
			name = Main.storyboard;
			sourceTree = "<group>";
		};
		6804E872206DC1DD00CFD849 /* LaunchScreen.storyboard */ = {
			isa = PBXVariantGroup;
			children = (
				6804E873206DC1DD00CFD849 /* Base */,
			);
			name = LaunchScreen.storyboard;
			sourceTree = "<group>";
		};
/* End PBXVariantGroup section */

/* Begin XCBuildConfiguration section */
		6804E88C206DC1DE00CFD849 /* Debug */ = {
			isa = XCBuildConfiguration;
			buildSettings = {
				ALWAYS_SEARCH_USER_PATHS = NO;
				CLANG_ANALYZER_NONNULL = YES;
				CLANG_ANALYZER_NUMBER_OBJECT_CONVERSION = YES_AGGRESSIVE;
				CLANG_CXX_LANGUAGE_STANDARD = "gnu++14";
				CLANG_CXX_LIBRARY = "libc++";
				CLANG_ENABLE_MODULES = YES;
				CLANG_ENABLE_OBJC_ARC = YES;
				CLANG_WARN_BLOCK_CAPTURE_AUTORELEASING = YES;
				CLANG_WARN_BOOL_CONVERSION = YES;
				CLANG_WARN_COMMA = YES;
				CLANG_WARN_CONSTANT_CONVERSION = YES;
				CLANG_WARN_DIRECT_OBJC_ISA_USAGE = YES_ERROR;
				CLANG_WARN_DOCUMENTATION_COMMENTS = YES;
				CLANG_WARN_EMPTY_BODY = YES;
				CLANG_WARN_ENUM_CONVERSION = YES;
				CLANG_WARN_INFINITE_RECURSION = YES;
				CLANG_WARN_INT_CONVERSION = YES;
				CLANG_WARN_NON_LITERAL_NULL_CONVERSION = YES;
				CLANG_WARN_OBJC_LITERAL_CONVERSION = YES;
				CLANG_WARN_OBJC_ROOT_CLASS = YES_ERROR;
				CLANG_WARN_RANGE_LOOP_ANALYSIS = YES;
				CLANG_WARN_STRICT_PROTOTYPES = YES;
				CLANG_WARN_SUSPICIOUS_MOVE = YES;
				CLANG_WARN_UNGUARDED_AVAILABILITY = YES_AGGRESSIVE;
				CLANG_WARN_UNREACHABLE_CODE = YES;
				CLANG_WARN__DUPLICATE_METHOD_MATCH = YES;
				CODE_SIGN_IDENTITY = "iPhone Developer";
				COPY_PHASE_STRIP = NO;
				DEBUG_INFORMATION_FORMAT = dwarf;
				ENABLE_STRICT_OBJC_MSGSEND = YES;
				ENABLE_TESTABILITY = YES;
				GCC_C_LANGUAGE_STANDARD = gnu11;
				GCC_DYNAMIC_NO_PIC = NO;
				GCC_NO_COMMON_BLOCKS = YES;
				GCC_OPTIMIZATION_LEVEL = 0;
				GCC_PREPROCESSOR_DEFINITIONS = (
					"DEBUG=1",
					"$(inherited)",
				);
				GCC_WARN_64_TO_32_BIT_CONVERSION = YES;
				GCC_WARN_ABOUT_RETURN_TYPE = YES_ERROR;
				GCC_WARN_UNDECLARED_SELECTOR = YES;
				GCC_WARN_UNINITIALIZED_AUTOS = YES_AGGRESSIVE;
				GCC_WARN_UNUSED_FUNCTION = YES;
				GCC_WARN_UNUSED_VARIABLE = YES;
				IPHONEOS_DEPLOYMENT_TARGET = 11.0;
				MTL_ENABLE_DEBUG_INFO = YES;
				ONLY_ACTIVE_ARCH = YES;
				SDKROOT = iphoneos;
				SWIFT_ACTIVE_COMPILATION_CONDITIONS = DEBUG;
				SWIFT_OPTIMIZATION_LEVEL = "-Onone";
			};
			name = Debug;
		};
		6804E88D206DC1DE00CFD849 /* Release */ = {
			isa = XCBuildConfiguration;
			buildSettings = {
				ALWAYS_SEARCH_USER_PATHS = NO;
				CLANG_ANALYZER_NONNULL = YES;
				CLANG_ANALYZER_NUMBER_OBJECT_CONVERSION = YES_AGGRESSIVE;
				CLANG_CXX_LANGUAGE_STANDARD = "gnu++14";
				CLANG_CXX_LIBRARY = "libc++";
				CLANG_ENABLE_MODULES = YES;
				CLANG_ENABLE_OBJC_ARC = YES;
				CLANG_WARN_BLOCK_CAPTURE_AUTORELEASING = YES;
				CLANG_WARN_BOOL_CONVERSION = YES;
				CLANG_WARN_COMMA = YES;
				CLANG_WARN_CONSTANT_CONVERSION = YES;
				CLANG_WARN_DIRECT_OBJC_ISA_USAGE = YES_ERROR;
				CLANG_WARN_DOCUMENTATION_COMMENTS = YES;
				CLANG_WARN_EMPTY_BODY = YES;
				CLANG_WARN_ENUM_CONVERSION = YES;
				CLANG_WARN_INFINITE_RECURSION = YES;
				CLANG_WARN_INT_CONVERSION = YES;
				CLANG_WARN_NON_LITERAL_NULL_CONVERSION = YES;
				CLANG_WARN_OBJC_LITERAL_CONVERSION = YES;
				CLANG_WARN_OBJC_ROOT_CLASS = YES_ERROR;
				CLANG_WARN_RANGE_LOOP_ANALYSIS = YES;
				CLANG_WARN_STRICT_PROTOTYPES = YES;
				CLANG_WARN_SUSPICIOUS_MOVE = YES;
				CLANG_WARN_UNGUARDED_AVAILABILITY = YES_AGGRESSIVE;
				CLANG_WARN_UNREACHABLE_CODE = YES;
				CLANG_WARN__DUPLICATE_METHOD_MATCH = YES;
				CODE_SIGN_IDENTITY = "iPhone Developer";
				COPY_PHASE_STRIP = NO;
				DEBUG_INFORMATION_FORMAT = "dwarf-with-dsym";
				ENABLE_NS_ASSERTIONS = NO;
				ENABLE_STRICT_OBJC_MSGSEND = YES;
				GCC_C_LANGUAGE_STANDARD = gnu11;
				GCC_NO_COMMON_BLOCKS = YES;
				GCC_WARN_64_TO_32_BIT_CONVERSION = YES;
				GCC_WARN_ABOUT_RETURN_TYPE = YES_ERROR;
				GCC_WARN_UNDECLARED_SELECTOR = YES;
				GCC_WARN_UNINITIALIZED_AUTOS = YES_AGGRESSIVE;
				GCC_WARN_UNUSED_FUNCTION = YES;
				GCC_WARN_UNUSED_VARIABLE = YES;
				IPHONEOS_DEPLOYMENT_TARGET = 11.0;
				MTL_ENABLE_DEBUG_INFO = NO;
				SDKROOT = iphoneos;
				SWIFT_OPTIMIZATION_LEVEL = "-Owholemodule";
				VALIDATE_PRODUCT = YES;
			};
			name = Release;
		};
		6804E88F206DC1DE00CFD849 /* Debug */ = {
			isa = XCBuildConfiguration;
			buildSettings = {
				ASSETCATALOG_COMPILER_APPICON_NAME = AppIcon;
				CODE_SIGN_STYLE = Automatic;
				DEVELOPMENT_TEAM = TEUDCQ95WL;
				INFOPLIST_FILE = coreDataSecd/Info.plist;
				LD_RUNPATH_SEARCH_PATHS = "$(inherited) @executable_path/Frameworks";
				PRODUCT_BUNDLE_IDENTIFIER = blue.coreDataSecd;
				PRODUCT_NAME = "$(TARGET_NAME)";
				SWIFT_VERSION = 4.0;
				TARGETED_DEVICE_FAMILY = "1,2";
			};
			name = Debug;
		};
		6804E890206DC1DE00CFD849 /* Release */ = {
			isa = XCBuildConfiguration;
			buildSettings = {
				ASSETCATALOG_COMPILER_APPICON_NAME = AppIcon;
				CODE_SIGN_STYLE = Automatic;
				DEVELOPMENT_TEAM = TEUDCQ95WL;
				INFOPLIST_FILE = coreDataSecd/Info.plist;
				LD_RUNPATH_SEARCH_PATHS = "$(inherited) @executable_path/Frameworks";
				PRODUCT_BUNDLE_IDENTIFIER = blue.coreDataSecd;
				PRODUCT_NAME = "$(TARGET_NAME)";
				SWIFT_VERSION = 4.0;
				TARGETED_DEVICE_FAMILY = "1,2";
			};
			name = Release;
		};
		6804E892206DC1DE00CFD849 /* Debug */ = {
			isa = XCBuildConfiguration;
			buildSettings = {
				ALWAYS_EMBED_SWIFT_STANDARD_LIBRARIES = YES;
				BUNDLE_LOADER = "$(TEST_HOST)";
				CODE_SIGN_STYLE = Automatic;
				INFOPLIST_FILE = coreDataSecdTests/Info.plist;
				LD_RUNPATH_SEARCH_PATHS = "$(inherited) @executable_path/Frameworks @loader_path/Frameworks";
				PRODUCT_BUNDLE_IDENTIFIER = blue.coreDataSecdTests;
				PRODUCT_NAME = "$(TARGET_NAME)";
				SWIFT_VERSION = 4.0;
				TARGETED_DEVICE_FAMILY = "1,2";
				TEST_HOST = "$(BUILT_PRODUCTS_DIR)/coreDataSecd.app/coreDataSecd";
			};
			name = Debug;
		};
		6804E893206DC1DE00CFD849 /* Release */ = {
			isa = XCBuildConfiguration;
			buildSettings = {
				ALWAYS_EMBED_SWIFT_STANDARD_LIBRARIES = YES;
				BUNDLE_LOADER = "$(TEST_HOST)";
				CODE_SIGN_STYLE = Automatic;
				INFOPLIST_FILE = coreDataSecdTests/Info.plist;
				LD_RUNPATH_SEARCH_PATHS = "$(inherited) @executable_path/Frameworks @loader_path/Frameworks";
				PRODUCT_BUNDLE_IDENTIFIER = blue.coreDataSecdTests;
				PRODUCT_NAME = "$(TARGET_NAME)";
				SWIFT_VERSION = 4.0;
				TARGETED_DEVICE_FAMILY = "1,2";
				TEST_HOST = "$(BUILT_PRODUCTS_DIR)/coreDataSecd.app/coreDataSecd";
			};
			name = Release;
		};
		6804E895206DC1DE00CFD849 /* Debug */ = {
			isa = XCBuildConfiguration;
			buildSettings = {
				ALWAYS_EMBED_SWIFT_STANDARD_LIBRARIES = YES;
				CODE_SIGN_STYLE = Automatic;
				INFOPLIST_FILE = coreDataSecdUITests/Info.plist;
				LD_RUNPATH_SEARCH_PATHS = "$(inherited) @executable_path/Frameworks @loader_path/Frameworks";
				PRODUCT_BUNDLE_IDENTIFIER = blue.coreDataSecdUITests;
				PRODUCT_NAME = "$(TARGET_NAME)";
				SWIFT_VERSION = 4.0;
				TARGETED_DEVICE_FAMILY = "1,2";
				TEST_TARGET_NAME = coreDataSecd;
			};
			name = Debug;
		};
		6804E896206DC1DE00CFD849 /* Release */ = {
			isa = XCBuildConfiguration;
			buildSettings = {
				ALWAYS_EMBED_SWIFT_STANDARD_LIBRARIES = YES;
				CODE_SIGN_STYLE = Automatic;
				INFOPLIST_FILE = coreDataSecdUITests/Info.plist;
				LD_RUNPATH_SEARCH_PATHS = "$(inherited) @executable_path/Frameworks @loader_path/Frameworks";
				PRODUCT_BUNDLE_IDENTIFIER = blue.coreDataSecdUITests;
				PRODUCT_NAME = "$(TARGET_NAME)";
				SWIFT_VERSION = 4.0;
				TARGETED_DEVICE_FAMILY = "1,2";
				TEST_TARGET_NAME = coreDataSecd;
			};
			name = Release;
		};
/* End XCBuildConfiguration section */

/* Begin XCConfigurationList section */
		6804E85E206DC1DD00CFD849 /* Build configuration list for PBXProject "coreDataSecd" */ = {
			isa = XCConfigurationList;
			buildConfigurations = (
				6804E88C206DC1DE00CFD849 /* Debug */,
				6804E88D206DC1DE00CFD849 /* Release */,
			);
			defaultConfigurationIsVisible = 0;
			defaultConfigurationName = Release;
		};
		6804E88E206DC1DE00CFD849 /* Build configuration list for PBXNativeTarget "coreDataSecd" */ = {
			isa = XCConfigurationList;
			buildConfigurations = (
				6804E88F206DC1DE00CFD849 /* Debug */,
				6804E890206DC1DE00CFD849 /* Release */,
			);
			defaultConfigurationIsVisible = 0;
			defaultConfigurationName = Release;
		};
		6804E891206DC1DE00CFD849 /* Build configuration list for PBXNativeTarget "coreDataSecdTests" */ = {
			isa = XCConfigurationList;
			buildConfigurations = (
				6804E892206DC1DE00CFD849 /* Debug */,
				6804E893206DC1DE00CFD849 /* Release */,
			);
			defaultConfigurationIsVisible = 0;
			defaultConfigurationName = Release;
		};
		6804E894206DC1DE00CFD849 /* Build configuration list for PBXNativeTarget "coreDataSecdUITests" */ = {
			isa = XCConfigurationList;
			buildConfigurations = (
				6804E895206DC1DE00CFD849 /* Debug */,
				6804E896206DC1DE00CFD849 /* Release */,
			);
			defaultConfigurationIsVisible = 0;
			defaultConfigurationName = Release;
		};
/* End XCConfigurationList section */

/* Begin XCVersionGroup section */
		6804E86D206DC1DD00CFD849 /* coreDataSecd.xcdatamodeld */ = {
			isa = XCVersionGroup;
			children = (
				6804E86E206DC1DD00CFD849 /* coreDataSecd.xcdatamodel */,
			);
			currentVersion = 6804E86E206DC1DD00CFD849 /* coreDataSecd.xcdatamodel */;
			path = coreDataSecd.xcdatamodeld;
			sourceTree = "<group>";
			versionGroupType = wrapper.xcdatamodel;
		};
/* End XCVersionGroup section */
	};
	rootObject = 6804E85B206DC1DD00CFD849 /* Project object */;
}
